
Microsoft Visual Studio Solution File, Format Version 12.00
# Visual Studio Version 16
VisualStudioVersion = 16.0.30804.86
MinimumVisualStudioVersion = 10.0.40219.1
Project("{9A19103F-16F7-4668-BE54-9A1E7A4F7556}") = "BookStore", "BookStore\BookStore.csproj", "{3BBE062B-FB03-4D5F-9C33-95958A39C0E8}"
EndProject
Project("{9A19103F-16F7-4668-BE54-9A1E7A4F7556}") = "BusinessLayer", "BusinessLayer\BusinessLayer.csproj", "{2ADD72C3-4818-412A-A947-1066D8A324B7}"
EndProject
Project("{9A19103F-16F7-4668-BE54-9A1E7A4F7556}") = "DomainLayer", "DomainLayer\DomainLayer.csproj", "{430FF231-DEE2-4790-9B93-FFCDC987C6AB}"
EndProject
Project("{FAE04EC0-301F-11D3-BF4B-00C04F79EFBC}") = "BookStoreTests", "BookStoreTests\BookStoreTests.csproj", "{BB0E44FB-324C-4E06-8143-72A728C1936E}"
EndProject
Global
	GlobalSection(SolutionConfigurationPlatforms) = preSolution
		Debug|Any CPU = Debug|Any CPU
		Release|Any CPU = Release|Any CPU
	EndGlobalSection
	GlobalSection(ProjectConfigurationPlatforms) = postSolution
		{3BBE062B-FB03-4D5F-9C33-95958A39C0E8}.Debug|Any CPU.ActiveCfg = Debug|Any CPU
		{3BBE062B-FB03-4D5F-9C33-95958A39C0E8}.Debug|Any CPU.Build.0 = Debug|Any CPU
		{3BBE062B-FB03-4D5F-9C33-95958A39C0E8}.Release|Any CPU.ActiveCfg = Release|Any CPU
		{3BBE062B-FB03-4D5F-9C33-95958A39C0E8}.Release|Any CPU.Build.0 = Release|Any CPU
		{2ADD72C3-4818-412A-A947-1066D8A324B7}.Debug|Any CPU.ActiveCfg = Debug|Any CPU
		{2ADD72C3-4818-412A-A947-1066D8A324B7}.Debug|Any CPU.Build.0 = Debug|Any CPU
		{2ADD72C3-4818-412A-A947-1066D8A324B7}.Release|Any CPU.ActiveCfg = Release|Any CPU
		{2ADD72C3-4818-412A-A947-1066D8A324B7}.Release|Any CPU.Build.0 = Release|Any CPU
		{430FF231-DEE2-4790-9B93-FFCDC987C6AB}.Debug|Any CPU.ActiveCfg = Debug|Any CPU
		{430FF231-DEE2-4790-9B93-FFCDC987C6AB}.Debug|Any CPU.Build.0 = Debug|Any CPU
		{430FF231-DEE2-4790-9B93-FFCDC987C6AB}.Release|Any CPU.ActiveCfg = Release|Any CPU
		{430FF231-DEE2-4790-9B93-FFCDC987C6AB}.Release|Any CPU.Build.0 = Release|Any CPU
		{BB0E44FB-324C-4E06-8143-72A728C1936E}.Debug|Any CPU.ActiveCfg = Debug|Any CPU
		{BB0E44FB-324C-4E06-8143-72A728C1936E}.Debug|Any CPU.Build.0 = Debug|Any CPU
		{BB0E44FB-324C-4E06-8143-72A728C1936E}.Release|Any CPU.ActiveCfg = Release|Any CPU
		{BB0E44FB-324C-4E06-8143-72A728C1936E}.Release|Any CPU.Build.0 = Release|Any CPU
	EndGlobalSection
	GlobalSection(SolutionProperties) = preSolution
		HideSolutionNode = FALSE
	EndGlobalSection
	GlobalSection(ExtensibilityGlobals) = postSolution
		SolutionGuid = {E436651C-696B-4A73-896F-FC93A73A7582}
	EndGlobalSection
EndGlobal
